
Microsoft Visual Studio Solution File, Format Version 12.00
# Visual Studio 2012
Project("{00D1A9C2-B5F0-4AF3-8072-F6C62B433612}") = "Batcher.Tests.Database", "Sources\Batcher.Tests.Database\Batcher.Tests.Database.sqlproj", "{60C74111-B65B-4D3E-9558-8EA00811B2EA}"
EndProject
Global
	GlobalSection(SolutionConfigurationPlatforms) = preSolution
		Debug|Any CPU = Debug|Any CPU
		Release|Any CPU = Release|Any CPU
	EndGlobalSection
	GlobalSection(ProjectConfigurationPlatforms) = postSolution
		{60C74111-B65B-4D3E-9558-8EA00811B2EA}.Debug|Any CPU.ActiveCfg = Debug|Any CPU
		{60C74111-B65B-4D3E-9558-8EA00811B2EA}.Debug|Any CPU.Build.0 = Debug|Any CPU
		{60C74111-B65B-4D3E-9558-8EA00811B2EA}.Debug|Any CPU.Deploy.0 = Debug|Any CPU
		{60C74111-B65B-4D3E-9558-8EA00811B2EA}.Release|Any CPU.ActiveCfg = Release|Any CPU
		{60C74111-B65B-4D3E-9558-8EA00811B2EA}.Release|Any CPU.Build.0 = Release|Any CPU
		{60C74111-B65B-4D3E-9558-8EA00811B2EA}.Release|Any CPU.Deploy.0 = Release|Any CPU
	EndGlobalSection
	GlobalSection(SolutionProperties) = preSolution
		HideSolutionNode = FALSE
	EndGlobalSection
EndGlobal
