
Microsoft Visual Studio Solution File, Format Version 12.00
# Visual Studio 2012
Project("{FAE04EC0-301F-11D3-BF4B-00C04F79EFBC}") = "Batcher", "Sources\Batcher\Batcher.csproj", "{67DA9AAE-F133-47DE-9846-CF307955CE34}"
EndProject
Project("{FAE04EC0-301F-11D3-BF4B-00C04F79EFBC}") = "Batcher.Tests", "Sources\Batcher.Tests\Batcher.Tests.csproj", "{A5B50FC5-4BF4-4947-B7BB-3969C0BD9430}"
EndProject
Global
	GlobalSection(SolutionConfigurationPlatforms) = preSolution
		Debug|Any CPU = Debug|Any CPU
		Release|Any CPU = Release|Any CPU
	EndGlobalSection
	GlobalSection(ProjectConfigurationPlatforms) = postSolution
		{67DA9AAE-F133-47DE-9846-CF307955CE34}.Debug|Any CPU.ActiveCfg = Debug|Any CPU
		{67DA9AAE-F133-47DE-9846-CF307955CE34}.Debug|Any CPU.Build.0 = Debug|Any CPU
		{67DA9AAE-F133-47DE-9846-CF307955CE34}.Release|Any CPU.ActiveCfg = Release|Any CPU
		{67DA9AAE-F133-47DE-9846-CF307955CE34}.Release|Any CPU.Build.0 = Release|Any CPU
		{A5B50FC5-4BF4-4947-B7BB-3969C0BD9430}.Debug|Any CPU.ActiveCfg = Debug|Any CPU
		{A5B50FC5-4BF4-4947-B7BB-3969C0BD9430}.Debug|Any CPU.Build.0 = Debug|Any CPU
		{A5B50FC5-4BF4-4947-B7BB-3969C0BD9430}.Release|Any CPU.ActiveCfg = Release|Any CPU
		{A5B50FC5-4BF4-4947-B7BB-3969C0BD9430}.Release|Any CPU.Build.0 = Release|Any CPU
	EndGlobalSection
	GlobalSection(SolutionProperties) = preSolution
		HideSolutionNode = FALSE
	EndGlobalSection
EndGlobal
